
Microsoft Visual Studio Solution File, Format Version 12.00
# Visual Studio Version 17
VisualStudioVersion = 17.0.31903.59
MinimumVisualStudioVersion = 10.0.40219.1
Project("{FAE04EC0-301F-11D3-BF4B-00C04F79EFBC}") = "BibliotecaFilmes.Api", "BibliotecaFilmes.Api\BibliotecaFilmes.Api.csproj", "{DA15E690-B7F1-45D5-934A-7B1575AB42D1}"
EndProject
Project("{FAE04EC0-301F-11D3-BF4B-00C04F79EFBC}") = "BibliotecaFilmes.Tests", "BibliotecaFilmes.Tests\BibliotecaFilmes.Tests.csproj", "{BC47593E-0639-4ED0-A728-3965FFE5F836}"
EndProject
Global
	GlobalSection(SolutionConfigurationPlatforms) = preSolution
		Debug|Any CPU = Debug|Any CPU
		Debug|x64 = Debug|x64
		Debug|x86 = Debug|x86
		Release|Any CPU = Release|Any CPU
		Release|x64 = Release|x64
		Release|x86 = Release|x86
	EndGlobalSection
	GlobalSection(ProjectConfigurationPlatforms) = postSolution
		{DA15E690-B7F1-45D5-934A-7B1575AB42D1}.Debug|Any CPU.ActiveCfg = Debug|Any CPU
		{DA15E690-B7F1-45D5-934A-7B1575AB42D1}.Debug|Any CPU.Build.0 = Debug|Any CPU
		{DA15E690-B7F1-45D5-934A-7B1575AB42D1}.Debug|x64.ActiveCfg = Debug|Any CPU
		{DA15E690-B7F1-45D5-934A-7B1575AB42D1}.Debug|x64.Build.0 = Debug|Any CPU
		{DA15E690-B7F1-45D5-934A-7B1575AB42D1}.Debug|x86.ActiveCfg = Debug|Any CPU
		{DA15E690-B7F1-45D5-934A-7B1575AB42D1}.Debug|x86.Build.0 = Debug|Any CPU
		{DA15E690-B7F1-45D5-934A-7B1575AB42D1}.Release|Any CPU.ActiveCfg = Release|Any CPU
		{DA15E690-B7F1-45D5-934A-7B1575AB42D1}.Release|Any CPU.Build.0 = Release|Any CPU
		{DA15E690-B7F1-45D5-934A-7B1575AB42D1}.Release|x64.ActiveCfg = Release|Any CPU
		{DA15E690-B7F1-45D5-934A-7B1575AB42D1}.Release|x64.Build.0 = Release|Any CPU
		{DA15E690-B7F1-45D5-934A-7B1575AB42D1}.Release|x86.ActiveCfg = Release|Any CPU
		{DA15E690-B7F1-45D5-934A-7B1575AB42D1}.Release|x86.Build.0 = Release|Any CPU
		{BC47593E-0639-4ED0-A728-3965FFE5F836}.Debug|Any CPU.ActiveCfg = Debug|Any CPU
		{BC47593E-0639-4ED0-A728-3965FFE5F836}.Debug|Any CPU.Build.0 = Debug|Any CPU
		{BC47593E-0639-4ED0-A728-3965FFE5F836}.Debug|x64.ActiveCfg = Debug|Any CPU
		{BC47593E-0639-4ED0-A728-3965FFE5F836}.Debug|x64.Build.0 = Debug|Any CPU
		{BC47593E-0639-4ED0-A728-3965FFE5F836}.Debug|x86.ActiveCfg = Debug|Any CPU
		{BC47593E-0639-4ED0-A728-3965FFE5F836}.Debug|x86.Build.0 = Debug|Any CPU
		{BC47593E-0639-4ED0-A728-3965FFE5F836}.Release|Any CPU.ActiveCfg = Release|Any CPU
		{BC47593E-0639-4ED0-A728-3965FFE5F836}.Release|Any CPU.Build.0 = Release|Any CPU
		{BC47593E-0639-4ED0-A728-3965FFE5F836}.Release|x64.ActiveCfg = Release|Any CPU
		{BC47593E-0639-4ED0-A728-3965FFE5F836}.Release|x64.Build.0 = Release|Any CPU
		{BC47593E-0639-4ED0-A728-3965FFE5F836}.Release|x86.ActiveCfg = Release|Any CPU
		{BC47593E-0639-4ED0-A728-3965FFE5F836}.Release|x86.Build.0 = Release|Any CPU
	EndGlobalSection
	GlobalSection(SolutionProperties) = preSolution
		HideSolutionNode = FALSE
	EndGlobalSection
EndGlobal
